
Microsoft Visual Studio Solution File, Format Version 12.00
# Visual Studio Version 17
VisualStudioVersion = 17.4.33213.308
MinimumVisualStudioVersion = 10.0.40219.1
Project("{9A19103F-16F7-4668-BE54-9A1E7A4F7556}") = "Lab3", "Lab1\Lab3.csproj", "{B2DAD75E-494B-42B9-8335-3BCDE34DA9E2}"
EndProject
Global
	GlobalSection(SolutionConfigurationPlatforms) = preSolution
		Debug|Any CPU = Debug|Any CPU
		Release|Any CPU = Release|Any CPU
	EndGlobalSection
	GlobalSection(ProjectConfigurationPlatforms) = postSolution
		{B2DAD75E-494B-42B9-8335-3BCDE34DA9E2}.Debug|Any CPU.ActiveCfg = Debug|Any CPU
		{B2DAD75E-494B-42B9-8335-3BCDE34DA9E2}.Debug|Any CPU.Build.0 = Debug|Any CPU
		{B2DAD75E-494B-42B9-8335-3BCDE34DA9E2}.Release|Any CPU.ActiveCfg = Release|Any CPU
		{B2DAD75E-494B-42B9-8335-3BCDE34DA9E2}.Release|Any CPU.Build.0 = Release|Any CPU
	EndGlobalSection
	GlobalSection(SolutionProperties) = preSolution
		HideSolutionNode = FALSE
	EndGlobalSection
	GlobalSection(ExtensibilityGlobals) = postSolution
		SolutionGuid = {0BC3873B-CBCA-4E37-B01F-CCF2762C73BA}
	EndGlobalSection
EndGlobal
